// !$*UTF8*$!
{
	archiveVersion = 1;
	classes = {
	};
	objectVersion = 54;
	objects = {

/* Begin PBXBuildFile section */
		058557BB273AAA24004C7B11 /* Assets.xcassets in Resources */ = {isa = PBXBuildFile; fileRef = 058557BA273AAA24004C7B11 /* Assets.xcassets */; };
		058557D9273AAEEB004C7B11 /* Preview Assets.xcassets in Resources */ = {isa = PBXBuildFile; fileRef = 058557D8273AAEEB004C7B11 /* Preview Assets.xcassets */; };
		2152FB042600AC8F00CF470E /* IOSApp.swift in Sources */ = {isa = PBXBuildFile; fileRef = 2152FB032600AC8F00CF470E /* IOSApp.swift */; };
		6E35D4CE2B72C74500A2BF95 /* MapboxMaps in Frameworks */ = {isa = PBXBuildFile; productRef = 6E35D4CD2B72C74500A2BF95 /* MapboxMaps */; };
		6E35D4D02B72C7B700A2BF95 /* HomeMapView.swift in Sources */ = {isa = PBXBuildFile; fileRef = 6E35D4CF2B72C7B700A2BF95 /* HomeMapView.swift */; };
		6E35D4D32B72CD3900A2BF95 /* HomeMapViewTests.swift in Sources */ = {isa = PBXBuildFile; fileRef = 6E35D4D22B72CD3900A2BF95 /* HomeMapViewTests.swift */; };
		6E4EACFC2B7A82AC0011AB8B /* MockLocationFetcher.swift in Sources */ = {isa = PBXBuildFile; fileRef = 6E4EACFB2B7A82AC0011AB8B /* MockLocationFetcher.swift */; };
		6E99CBB72B9892C80047E78D /* SocketProvider.swift in Sources */ = {isa = PBXBuildFile; fileRef = 6E99CBB62B9892C80047E78D /* SocketProvider.swift */; };
		6EE7457E2B965ADE0052227E /* Socket.swift in Sources */ = {isa = PBXBuildFile; fileRef = 6EE7457D2B965ADE0052227E /* Socket.swift */; };
		6EE745812B965AEA0052227E /* SwiftPhoenixClient in Frameworks */ = {isa = PBXBuildFile; productRef = 6EE745802B965AEA0052227E /* SwiftPhoenixClient */; };
		6EE745842B965B9C0052227E /* SocketTests.swift in Sources */ = {isa = PBXBuildFile; fileRef = 6EE745832B965B9C0052227E /* SocketTests.swift */; };
		6EE745862B965C130052227E /* Message.swift in Sources */ = {isa = PBXBuildFile; fileRef = 6EE745852B965C130052227E /* Message.swift */; };
		6EE745882B965C2B0052227E /* MessageTests.swift in Sources */ = {isa = PBXBuildFile; fileRef = 6EE745872B965C2B0052227E /* MessageTests.swift */; };
		6EED5E8F2B3DC6A00052A1B8 /* IosAppTests.swift in Sources */ = {isa = PBXBuildFile; fileRef = 6EED5E8E2B3DC6A00052A1B8 /* IosAppTests.swift */; };
		6EED5E9C2B3DC6C10052A1B8 /* IosAppUITests.swift in Sources */ = {isa = PBXBuildFile; fileRef = 6EED5E9B2B3DC6C10052A1B8 /* IosAppUITests.swift */; };
		6EED5E9E2B3DC6C10052A1B8 /* IosAppUITestsLaunchTests.swift in Sources */ = {isa = PBXBuildFile; fileRef = 6EED5E9D2B3DC6C10052A1B8 /* IosAppUITestsLaunchTests.swift */; };
		6EED5EAB2B3E1B550052A1B8 /* ContentViewTests.swift in Sources */ = {isa = PBXBuildFile; fileRef = 6EED5EAA2B3E1B550052A1B8 /* ContentViewTests.swift */; };
		6EED5EAE2B3E1BA80052A1B8 /* ViewInspector in Frameworks */ = {isa = PBXBuildFile; productRef = 6EED5EAD2B3E1BA80052A1B8 /* ViewInspector */; };
		6EF50F482B9889D600833070 /* MockSocket.swift in Sources */ = {isa = PBXBuildFile; fileRef = 6EF50F472B9889D600833070 /* MockSocket.swift */; };
		6EF50F512B988BF600833070 /* PredictionsFetcherTests.swift in Sources */ = {isa = PBXBuildFile; fileRef = 6EF50F502B988BF600833070 /* PredictionsFetcherTests.swift */; };
		7555FF83242A565900829871 /* ContentView.swift in Sources */ = {isa = PBXBuildFile; fileRef = 7555FF82242A565900829871 /* ContentView.swift */; };
		8C7FA86F2B5EEA34009B699D /* LocationDataManagerTests.swift in Sources */ = {isa = PBXBuildFile; fileRef = 8C7FA86E2B5EEA34009B699D /* LocationDataManagerTests.swift */; };
		8C7FA8712B5F2EF2009B699D /* NearbyTransitViewTests.swift in Sources */ = {isa = PBXBuildFile; fileRef = 8C7FA8702B5F2EF2009B699D /* NearbyTransitViewTests.swift */; };
		8C7FA8732B5F36D6009B699D /* Backend.swift in Sources */ = {isa = PBXBuildFile; fileRef = 8C7FA8722B5F36D6009B699D /* Backend.swift */; };
		8C84D33E2B5AEE0200192C0A /* NearbyTransitView.swift in Sources */ = {isa = PBXBuildFile; fileRef = 8C84D33D2B5AEE0200192C0A /* NearbyTransitView.swift */; };
		8CC1BB402B59D1F6005386FE /* LocationDataManager.swift in Sources */ = {isa = PBXBuildFile; fileRef = 8CC1BB3F2B59D1F6005386FE /* LocationDataManager.swift */; };
		8CD1F8CD2B7164C100F419D4 /* PredictionsFetcher.swift in Sources */ = {isa = PBXBuildFile; fileRef = 8CD1F8CC2B7164C100F419D4 /* PredictionsFetcher.swift */; };
		8CEA10232BA0F3C6001C6EB9 /* ScheduleFetcher.swift in Sources */ = {isa = PBXBuildFile; fileRef = 8CEA10222BA0F3C6001C6EB9 /* ScheduleFetcher.swift */; };
		8CEA10252BA4B179001C6EB9 /* AlertsFetcher.swift in Sources */ = {isa = PBXBuildFile; fileRef = 8CEA10242BA4B179001C6EB9 /* AlertsFetcher.swift */; };
		8CEA10272BA4C83D001C6EB9 /* AlertsFetcherTests.swift in Sources */ = {isa = PBXBuildFile; fileRef = 8CEA10262BA4C83D001C6EB9 /* AlertsFetcherTests.swift */; };
		9A03F3662BA9E68500DA40DC /* Debouncer.swift in Sources */ = {isa = PBXBuildFile; fileRef = 9A03F3652BA9E68500DA40DC /* Debouncer.swift */; };
		9A1631E62B76CAB400F667F4 /* GlobalFetcher.swift in Sources */ = {isa = PBXBuildFile; fileRef = 9A1631E52B76CAB400F667F4 /* GlobalFetcher.swift */; };
		9A2005C52B97B5EA00F562E1 /* NearbyRouteView.swift in Sources */ = {isa = PBXBuildFile; fileRef = 9A2005C42B97B5EA00F562E1 /* NearbyRouteView.swift */; };
		9A2005C72B97B63300F562E1 /* NearbyStopView.swift in Sources */ = {isa = PBXBuildFile; fileRef = 9A2005C62B97B63300F562E1 /* NearbyStopView.swift */; };
		9A2005C92B97B65900F562E1 /* NearbyStopRoutePatternView.swift in Sources */ = {isa = PBXBuildFile; fileRef = 9A2005C82B97B65900F562E1 /* NearbyStopRoutePatternView.swift */; };
		9A2005CB2B97B68700F562E1 /* UpcomingTripView.swift in Sources */ = {isa = PBXBuildFile; fileRef = 9A2005CA2B97B68700F562E1 /* UpcomingTripView.swift */; };
		9A3B09362B967CEC00691427 /* NonNilModifier.swift in Sources */ = {isa = PBXBuildFile; fileRef = 9A3B09352B967CEC00691427 /* NonNilModifier.swift */; };
		9A4E8E592B7EC4B90066B936 /* RoutePill.swift in Sources */ = {isa = PBXBuildFile; fileRef = 9A4E8E582B7EC4B90066B936 /* RoutePill.swift */; };
		9A5830562BA3A2CE0039876E /* ViewportExtension.swift in Sources */ = {isa = PBXBuildFile; fileRef = 9A5830552BA3A2CE0039876E /* ViewportExtension.swift */; };
		9A5830582BA4A1A30039876E /* ViewportProvider.swift in Sources */ = {isa = PBXBuildFile; fileRef = 9A5830572BA4A1A30039876E /* ViewportProvider.swift */; };
		9A60E8E72B8501BD008A8D5C /* RoutePillTests.swift in Sources */ = {isa = PBXBuildFile; fileRef = 9A60E8E62B8501BD008A8D5C /* RoutePillTests.swift */; };
		9A635D1F2B99103200A43C51 /* EmptyWhenModifierTests.swift in Sources */ = {isa = PBXBuildFile; fileRef = 9A635D1E2B99103200A43C51 /* EmptyWhenModifierTests.swift */; };
		9A69D4902B99212400235125 /* NearbyFetcherTests.swift in Sources */ = {isa = PBXBuildFile; fileRef = 9A69D48F2B99212300235125 /* NearbyFetcherTests.swift */; };
		9A6DDF912B976FDF004D141A /* EmptyWhenModifier.swift in Sources */ = {isa = PBXBuildFile; fileRef = 9A6DDF902B976FDF004D141A /* EmptyWhenModifier.swift */; };
		9A7B7CA92B98E41B0045214F /* NonNilModifierTests.swift in Sources */ = {isa = PBXBuildFile; fileRef = 9A7B7CA82B98E41B0045214F /* NonNilModifierTests.swift */; };
		9A887D572B683103006F5B80 /* SearchResultView.swift in Sources */ = {isa = PBXBuildFile; fileRef = 9A887D562B683103006F5B80 /* SearchResultView.swift */; };
		9A887D592B698EF1006F5B80 /* SearchResultViewTests.swift in Sources */ = {isa = PBXBuildFile; fileRef = 9A887D582B698EF1006F5B80 /* SearchResultViewTests.swift */; };
		9A8B34AD2B88E5090018412C /* RailRouteShapeFetcher.swift in Sources */ = {isa = PBXBuildFile; fileRef = 9A8B34AC2B88E5080018412C /* RailRouteShapeFetcher.swift */; };
		9A8B34B02B892C810018412C /* Polyline in Frameworks */ = {isa = PBXBuildFile; productRef = 9A8B34AF2B892C810018412C /* Polyline */; };
		9A9E05F42B6D6DEA0086B437 /* SearchResultFetcher.swift in Sources */ = {isa = PBXBuildFile; fileRef = 9A9E05F32B6D6DEA0086B437 /* SearchResultFetcher.swift */; };
		9A9E05F62B6D6EF70086B437 /* NearbyFetcher.swift in Sources */ = {isa = PBXBuildFile; fileRef = 9A9E05F52B6D6EF70086B437 /* NearbyFetcher.swift */; };
		9AB44A112B8FC43E00E8FFB3 /* IconCard.swift in Sources */ = {isa = PBXBuildFile; fileRef = 9AB44A102B8FC43E00E8FFB3 /* IconCard.swift */; };
		9AB44A132B911E6400E8FFB3 /* DateExtension.swift in Sources */ = {isa = PBXBuildFile; fileRef = 9AB44A122B911E6400E8FFB3 /* DateExtension.swift */; };
		9AC10BDA2B80067400EA4605 /* ColorHexExtension.swift in Sources */ = {isa = PBXBuildFile; fileRef = 9AC10BD92B80067400EA4605 /* ColorHexExtension.swift */; };
		9ACA9DF32BA1EC8B003F0E9E /* HomeMapViewUITests.swift in Sources */ = {isa = PBXBuildFile; fileRef = 9ACA9DF22BA1EC8B003F0E9E /* HomeMapViewUITests.swift */; };
		9AD1D1FE2BA4D5C600182060 /* ViewportProviderTest.swift in Sources */ = {isa = PBXBuildFile; fileRef = 9AD1D1FD2BA4D5C600182060 /* ViewportProviderTest.swift */; };
		9AF88E052B48913C00E08C7C /* Localizable.xcstrings in Resources */ = {isa = PBXBuildFile; fileRef = 9AF88E042B48913C00E08C7C /* Localizable.xcstrings */; };
		A430D45FE0676C73075AB85B /* Pods_iosAppTests.framework in Frameworks */ = {isa = PBXBuildFile; fileRef = ED1649D982654BA7A4D2F2DC /* Pods_iosAppTests.framework */; };
		A55C5596CDC797ED68F79279 /* Pods_iosApp.framework in Frameworks */ = {isa = PBXBuildFile; fileRef = 1C6BD892027AC258EE8F408D /* Pods_iosApp.framework */; };
/* End PBXBuildFile section */

/* Begin PBXContainerItemProxy section */
		6EED5E902B3DC6A00052A1B8 /* PBXContainerItemProxy */ = {
			isa = PBXContainerItemProxy;
			containerPortal = 7555FF73242A565900829871 /* Project object */;
			proxyType = 1;
			remoteGlobalIDString = 7555FF7A242A565900829871;
			remoteInfo = iosApp;
		};
		6EED5E9F2B3DC6C10052A1B8 /* PBXContainerItemProxy */ = {
			isa = PBXContainerItemProxy;
			containerPortal = 7555FF73242A565900829871 /* Project object */;
			proxyType = 1;
			remoteGlobalIDString = 7555FF7A242A565900829871;
			remoteInfo = iosApp;
		};
/* End PBXContainerItemProxy section */

/* Begin PBXCopyFilesBuildPhase section */
		7555FFB4242A642300829871 /* Embed Frameworks */ = {
			isa = PBXCopyFilesBuildPhase;
			buildActionMask = 2147483647;
			dstPath = "";
			dstSubfolderSpec = 10;
			files = (
			);
			name = "Embed Frameworks";
			runOnlyForDeploymentPostprocessing = 0;
		};
/* End PBXCopyFilesBuildPhase section */

/* Begin PBXFileReference section */
		058557BA273AAA24004C7B11 /* Assets.xcassets */ = {isa = PBXFileReference; lastKnownFileType = folder.assetcatalog; path = Assets.xcassets; sourceTree = "<group>"; };
		058557D8273AAEEB004C7B11 /* Preview Assets.xcassets */ = {isa = PBXFileReference; lastKnownFileType = folder.assetcatalog; path = "Preview Assets.xcassets"; sourceTree = "<group>"; };
		1C6BD892027AC258EE8F408D /* Pods_iosApp.framework */ = {isa = PBXFileReference; explicitFileType = wrapper.framework; includeInIndex = 0; path = Pods_iosApp.framework; sourceTree = BUILT_PRODUCTS_DIR; };
		2152FB032600AC8F00CF470E /* IOSApp.swift */ = {isa = PBXFileReference; lastKnownFileType = sourcecode.swift; path = IOSApp.swift; sourceTree = "<group>"; };
		3091F80084042A822F2C6F31 /* Pods-iosApp.debug.xcconfig */ = {isa = PBXFileReference; includeInIndex = 1; lastKnownFileType = text.xcconfig; name = "Pods-iosApp.debug.xcconfig"; path = "Target Support Files/Pods-iosApp/Pods-iosApp.debug.xcconfig"; sourceTree = "<group>"; };
		4F295A964D91843215C2E352 /* Pods-iosApp.release.xcconfig */ = {isa = PBXFileReference; includeInIndex = 1; lastKnownFileType = text.xcconfig; name = "Pods-iosApp.release.xcconfig"; path = "Target Support Files/Pods-iosApp/Pods-iosApp.release.xcconfig"; sourceTree = "<group>"; };
		6E35D4CF2B72C7B700A2BF95 /* HomeMapView.swift */ = {isa = PBXFileReference; lastKnownFileType = sourcecode.swift; path = HomeMapView.swift; sourceTree = "<group>"; };
		6E35D4D22B72CD3900A2BF95 /* HomeMapViewTests.swift */ = {isa = PBXFileReference; lastKnownFileType = sourcecode.swift; path = HomeMapViewTests.swift; sourceTree = "<group>"; };
		6E4EACFB2B7A82AC0011AB8B /* MockLocationFetcher.swift */ = {isa = PBXFileReference; lastKnownFileType = sourcecode.swift; path = MockLocationFetcher.swift; sourceTree = "<group>"; };
		6E99CBB62B9892C80047E78D /* SocketProvider.swift */ = {isa = PBXFileReference; lastKnownFileType = sourcecode.swift; path = SocketProvider.swift; sourceTree = "<group>"; };
		6E9BCCE12B3F221A005FB96E /* iosApp.xctestplan */ = {isa = PBXFileReference; lastKnownFileType = text; path = iosApp.xctestplan; sourceTree = "<group>"; };
		6EE7457D2B965ADE0052227E /* Socket.swift */ = {isa = PBXFileReference; lastKnownFileType = sourcecode.swift; path = Socket.swift; sourceTree = "<group>"; };
		6EE745832B965B9C0052227E /* SocketTests.swift */ = {isa = PBXFileReference; lastKnownFileType = sourcecode.swift; path = SocketTests.swift; sourceTree = "<group>"; };
		6EE745852B965C130052227E /* Message.swift */ = {isa = PBXFileReference; lastKnownFileType = sourcecode.swift; path = Message.swift; sourceTree = "<group>"; };
		6EE745872B965C2B0052227E /* MessageTests.swift */ = {isa = PBXFileReference; lastKnownFileType = sourcecode.swift; path = MessageTests.swift; sourceTree = "<group>"; };
		6EED5E8C2B3DC69F0052A1B8 /* iosAppTests.xctest */ = {isa = PBXFileReference; explicitFileType = wrapper.cfbundle; includeInIndex = 0; path = iosAppTests.xctest; sourceTree = BUILT_PRODUCTS_DIR; };
		6EED5E8E2B3DC6A00052A1B8 /* IosAppTests.swift */ = {isa = PBXFileReference; lastKnownFileType = sourcecode.swift; path = IosAppTests.swift; sourceTree = "<group>"; };
		6EED5E992B3DC6C10052A1B8 /* iosAppUITests.xctest */ = {isa = PBXFileReference; explicitFileType = wrapper.cfbundle; includeInIndex = 0; path = iosAppUITests.xctest; sourceTree = BUILT_PRODUCTS_DIR; };
		6EED5E9B2B3DC6C10052A1B8 /* IosAppUITests.swift */ = {isa = PBXFileReference; lastKnownFileType = sourcecode.swift; path = IosAppUITests.swift; sourceTree = "<group>"; };
		6EED5E9D2B3DC6C10052A1B8 /* IosAppUITestsLaunchTests.swift */ = {isa = PBXFileReference; lastKnownFileType = sourcecode.swift; path = IosAppUITestsLaunchTests.swift; sourceTree = "<group>"; };
		6EED5EAA2B3E1B550052A1B8 /* ContentViewTests.swift */ = {isa = PBXFileReference; lastKnownFileType = sourcecode.swift; path = ContentViewTests.swift; sourceTree = "<group>"; };
		6EF50F472B9889D600833070 /* MockSocket.swift */ = {isa = PBXFileReference; lastKnownFileType = sourcecode.swift; path = MockSocket.swift; sourceTree = "<group>"; };
		6EF50F502B988BF600833070 /* PredictionsFetcherTests.swift */ = {isa = PBXFileReference; lastKnownFileType = sourcecode.swift; path = PredictionsFetcherTests.swift; sourceTree = "<group>"; };
		7555FF7B242A565900829871 /* iosApp.app */ = {isa = PBXFileReference; explicitFileType = wrapper.application; includeInIndex = 0; path = iosApp.app; sourceTree = BUILT_PRODUCTS_DIR; };
		7555FF82242A565900829871 /* ContentView.swift */ = {isa = PBXFileReference; lastKnownFileType = sourcecode.swift; path = ContentView.swift; sourceTree = "<group>"; };
		7555FF8C242A565B00829871 /* Info.plist */ = {isa = PBXFileReference; lastKnownFileType = text.plist.xml; path = Info.plist; sourceTree = "<group>"; };
		7AEBEB5506194DEAD258EFCD /* Pods-iosAppTests.debug.xcconfig */ = {isa = PBXFileReference; includeInIndex = 1; lastKnownFileType = text.xcconfig; name = "Pods-iosAppTests.debug.xcconfig"; path = "Target Support Files/Pods-iosAppTests/Pods-iosAppTests.debug.xcconfig"; sourceTree = "<group>"; };
		8C304C652B69C0C300263886 /* .swift-version */ = {isa = PBXFileReference; lastKnownFileType = text; path = ".swift-version"; sourceTree = "<group>"; };
		8C349BB72B754F2600AC7FFB /* 10 Park Plaza.gpx */ = {isa = PBXFileReference; lastKnownFileType = text.xml; path = "10 Park Plaza.gpx"; sourceTree = "<group>"; };
		8C42F06F2B890BC800F9A77B /* .swiftlint.yml */ = {isa = PBXFileReference; lastKnownFileType = text.yaml; path = .swiftlint.yml; sourceTree = "<group>"; };
		8C7FA86E2B5EEA34009B699D /* LocationDataManagerTests.swift */ = {isa = PBXFileReference; lastKnownFileType = sourcecode.swift; path = LocationDataManagerTests.swift; sourceTree = "<group>"; };
		8C7FA8702B5F2EF2009B699D /* NearbyTransitViewTests.swift */ = {isa = PBXFileReference; lastKnownFileType = sourcecode.swift; path = NearbyTransitViewTests.swift; sourceTree = "<group>"; };
		8C7FA8722B5F36D6009B699D /* Backend.swift */ = {isa = PBXFileReference; lastKnownFileType = sourcecode.swift; path = Backend.swift; sourceTree = "<group>"; };
		8C84D33D2B5AEE0200192C0A /* NearbyTransitView.swift */ = {isa = PBXFileReference; lastKnownFileType = sourcecode.swift; path = NearbyTransitView.swift; sourceTree = "<group>"; };
		8CC1BB3F2B59D1F6005386FE /* LocationDataManager.swift */ = {isa = PBXFileReference; lastKnownFileType = sourcecode.swift; path = LocationDataManager.swift; sourceTree = "<group>"; };
		8CD1F8CC2B7164C100F419D4 /* PredictionsFetcher.swift */ = {isa = PBXFileReference; lastKnownFileType = sourcecode.swift; path = PredictionsFetcher.swift; sourceTree = "<group>"; };
		8CEA10222BA0F3C6001C6EB9 /* ScheduleFetcher.swift */ = {isa = PBXFileReference; lastKnownFileType = sourcecode.swift; path = ScheduleFetcher.swift; sourceTree = "<group>"; };
		8CEA10242BA4B179001C6EB9 /* AlertsFetcher.swift */ = {isa = PBXFileReference; lastKnownFileType = sourcecode.swift; path = AlertsFetcher.swift; sourceTree = "<group>"; };
		8CEA10262BA4C83D001C6EB9 /* AlertsFetcherTests.swift */ = {isa = PBXFileReference; lastKnownFileType = sourcecode.swift; path = AlertsFetcherTests.swift; sourceTree = "<group>"; };
		9A03F3652BA9E68500DA40DC /* Debouncer.swift */ = {isa = PBXFileReference; lastKnownFileType = sourcecode.swift; path = Debouncer.swift; sourceTree = "<group>"; };
		9A1631E52B76CAB400F667F4 /* GlobalFetcher.swift */ = {isa = PBXFileReference; lastKnownFileType = sourcecode.swift; path = GlobalFetcher.swift; sourceTree = "<group>"; };
		9A2005C42B97B5EA00F562E1 /* NearbyRouteView.swift */ = {isa = PBXFileReference; lastKnownFileType = sourcecode.swift; path = NearbyRouteView.swift; sourceTree = "<group>"; };
		9A2005C62B97B63300F562E1 /* NearbyStopView.swift */ = {isa = PBXFileReference; lastKnownFileType = sourcecode.swift; path = NearbyStopView.swift; sourceTree = "<group>"; };
		9A2005C82B97B65900F562E1 /* NearbyStopRoutePatternView.swift */ = {isa = PBXFileReference; lastKnownFileType = sourcecode.swift; path = NearbyStopRoutePatternView.swift; sourceTree = "<group>"; };
		9A2005CA2B97B68700F562E1 /* UpcomingTripView.swift */ = {isa = PBXFileReference; lastKnownFileType = sourcecode.swift; path = UpcomingTripView.swift; sourceTree = "<group>"; };
		9A3B09352B967CEC00691427 /* NonNilModifier.swift */ = {isa = PBXFileReference; lastKnownFileType = sourcecode.swift; path = NonNilModifier.swift; sourceTree = "<group>"; };
		9A4E8E582B7EC4B90066B936 /* RoutePill.swift */ = {isa = PBXFileReference; lastKnownFileType = sourcecode.swift; path = RoutePill.swift; sourceTree = "<group>"; };
		9A5830552BA3A2CE0039876E /* ViewportExtension.swift */ = {isa = PBXFileReference; lastKnownFileType = sourcecode.swift; path = ViewportExtension.swift; sourceTree = "<group>"; };
		9A5830572BA4A1A30039876E /* ViewportProvider.swift */ = {isa = PBXFileReference; lastKnownFileType = sourcecode.swift; name = ViewportProvider.swift; path = iosApp/ViewportProvider.swift; sourceTree = SOURCE_ROOT; };
		9A60E8E62B8501BD008A8D5C /* RoutePillTests.swift */ = {isa = PBXFileReference; lastKnownFileType = sourcecode.swift; path = RoutePillTests.swift; sourceTree = "<group>"; };
		9A635D1E2B99103200A43C51 /* EmptyWhenModifierTests.swift */ = {isa = PBXFileReference; lastKnownFileType = sourcecode.swift; path = EmptyWhenModifierTests.swift; sourceTree = "<group>"; };
		9A69D48F2B99212300235125 /* NearbyFetcherTests.swift */ = {isa = PBXFileReference; lastKnownFileType = sourcecode.swift; path = NearbyFetcherTests.swift; sourceTree = "<group>"; };
		9A6DDF902B976FDF004D141A /* EmptyWhenModifier.swift */ = {isa = PBXFileReference; lastKnownFileType = sourcecode.swift; path = EmptyWhenModifier.swift; sourceTree = "<group>"; };
		9A7B7CA82B98E41B0045214F /* NonNilModifierTests.swift */ = {isa = PBXFileReference; lastKnownFileType = sourcecode.swift; path = NonNilModifierTests.swift; sourceTree = "<group>"; };
		9A887D562B683103006F5B80 /* SearchResultView.swift */ = {isa = PBXFileReference; lastKnownFileType = sourcecode.swift; path = SearchResultView.swift; sourceTree = "<group>"; };
		9A887D582B698EF1006F5B80 /* SearchResultViewTests.swift */ = {isa = PBXFileReference; lastKnownFileType = sourcecode.swift; path = SearchResultViewTests.swift; sourceTree = "<group>"; };
		9A8B34AC2B88E5080018412C /* RailRouteShapeFetcher.swift */ = {isa = PBXFileReference; lastKnownFileType = sourcecode.swift; path = RailRouteShapeFetcher.swift; sourceTree = "<group>"; };
		9A9E05F32B6D6DEA0086B437 /* SearchResultFetcher.swift */ = {isa = PBXFileReference; lastKnownFileType = sourcecode.swift; path = SearchResultFetcher.swift; sourceTree = "<group>"; };
		9A9E05F52B6D6EF70086B437 /* NearbyFetcher.swift */ = {isa = PBXFileReference; lastKnownFileType = sourcecode.swift; path = NearbyFetcher.swift; sourceTree = "<group>"; };
		9AB44A102B8FC43E00E8FFB3 /* IconCard.swift */ = {isa = PBXFileReference; lastKnownFileType = sourcecode.swift; path = IconCard.swift; sourceTree = "<group>"; };
		9AB44A122B911E6400E8FFB3 /* DateExtension.swift */ = {isa = PBXFileReference; lastKnownFileType = sourcecode.swift; path = DateExtension.swift; sourceTree = "<group>"; };
		9AC10BD92B80067400EA4605 /* ColorHexExtension.swift */ = {isa = PBXFileReference; lastKnownFileType = sourcecode.swift; path = ColorHexExtension.swift; sourceTree = "<group>"; };
		9ACA9DF22BA1EC8B003F0E9E /* HomeMapViewUITests.swift */ = {isa = PBXFileReference; lastKnownFileType = sourcecode.swift; path = HomeMapViewUITests.swift; sourceTree = "<group>"; };
		9AD1D1FD2BA4D5C600182060 /* ViewportProviderTest.swift */ = {isa = PBXFileReference; lastKnownFileType = sourcecode.swift; path = ViewportProviderTest.swift; sourceTree = "<group>"; };
		9AF88E042B48913C00E08C7C /* Localizable.xcstrings */ = {isa = PBXFileReference; lastKnownFileType = text.json.xcstrings; path = Localizable.xcstrings; sourceTree = "<group>"; };
		ED1649D982654BA7A4D2F2DC /* Pods_iosAppTests.framework */ = {isa = PBXFileReference; explicitFileType = wrapper.framework; includeInIndex = 0; path = Pods_iosAppTests.framework; sourceTree = BUILT_PRODUCTS_DIR; };
		F71252D2B68FF131F8E6BDE2 /* Pods-iosAppTests.release.xcconfig */ = {isa = PBXFileReference; includeInIndex = 1; lastKnownFileType = text.xcconfig; name = "Pods-iosAppTests.release.xcconfig"; path = "Target Support Files/Pods-iosAppTests/Pods-iosAppTests.release.xcconfig"; sourceTree = "<group>"; };
/* End PBXFileReference section */

/* Begin PBXFrameworksBuildPhase section */
		6EED5E892B3DC69F0052A1B8 /* Frameworks */ = {
			isa = PBXFrameworksBuildPhase;
			buildActionMask = 2147483647;
			files = (
				6EED5EAE2B3E1BA80052A1B8 /* ViewInspector in Frameworks */,
				A430D45FE0676C73075AB85B /* Pods_iosAppTests.framework in Frameworks */,
			);
			runOnlyForDeploymentPostprocessing = 0;
		};
		6EED5E962B3DC6C10052A1B8 /* Frameworks */ = {
			isa = PBXFrameworksBuildPhase;
			buildActionMask = 2147483647;
			files = (
			);
			runOnlyForDeploymentPostprocessing = 0;
		};
		7555FF78242A565900829871 /* Frameworks */ = {
			isa = PBXFrameworksBuildPhase;
			buildActionMask = 2147483647;
			files = (
				9A8B34B02B892C810018412C /* Polyline in Frameworks */,
				6EE745812B965AEA0052227E /* SwiftPhoenixClient in Frameworks */,
				6E35D4CE2B72C74500A2BF95 /* MapboxMaps in Frameworks */,
				A55C5596CDC797ED68F79279 /* Pods_iosApp.framework in Frameworks */,
			);
			runOnlyForDeploymentPostprocessing = 0;
		};
/* End PBXFrameworksBuildPhase section */

/* Begin PBXGroup section */
		058557D7273AAEEB004C7B11 /* Preview Content */ = {
			isa = PBXGroup;
			children = (
				058557D8273AAEEB004C7B11 /* Preview Assets.xcassets */,
			);
			path = "Preview Content";
			sourceTree = "<group>";
		};
		6E4EACFA2B7A829C0011AB8B /* Mocks */ = {
			isa = PBXGroup;
			children = (
				6E4EACFB2B7A82AC0011AB8B /* MockLocationFetcher.swift */,
				6EF50F472B9889D600833070 /* MockSocket.swift */,
			);
			path = Mocks;
			sourceTree = "<group>";
		};
		6EE7457C2B965AD40052227E /* Phoenix */ = {
			isa = PBXGroup;
			children = (
				6EE7457D2B965ADE0052227E /* Socket.swift */,
				6EE745852B965C130052227E /* Message.swift */,
			);
			path = Phoenix;
			sourceTree = "<group>";
		};
		6EE745822B965B8D0052227E /* Phoenix */ = {
			isa = PBXGroup;
			children = (
				6EE745832B965B9C0052227E /* SocketTests.swift */,
				6EE745872B965C2B0052227E /* MessageTests.swift */,
			);
			path = Phoenix;
			sourceTree = "<group>";
		};
		6EED5E8D2B3DC69F0052A1B8 /* iosAppTests */ = {
			isa = PBXGroup;
			children = (
				6EF50F4F2B988BC500833070 /* Fetchers */,
				6EE745822B965B8D0052227E /* Phoenix */,
				6E4EACFA2B7A829C0011AB8B /* Mocks */,
				6EED5EA92B3DF1BF0052A1B8 /* Views */,
				6EED5E8E2B3DC6A00052A1B8 /* IosAppTests.swift */,
				8C7FA86E2B5EEA34009B699D /* LocationDataManagerTests.swift */,
			);
			path = iosAppTests;
			sourceTree = "<group>";
		};
		6EED5E9A2B3DC6C10052A1B8 /* iosAppUITests */ = {
			isa = PBXGroup;
			children = (
				6EED5E9B2B3DC6C10052A1B8 /* IosAppUITests.swift */,
				6EED5E9D2B3DC6C10052A1B8 /* IosAppUITestsLaunchTests.swift */,
				9ACA9DF22BA1EC8B003F0E9E /* HomeMapViewUITests.swift */,
			);
			path = iosAppUITests;
			sourceTree = "<group>";
		};
		6EED5EA92B3DF1BF0052A1B8 /* Views */ = {
			isa = PBXGroup;
			children = (
				6EED5EAA2B3E1B550052A1B8 /* ContentViewTests.swift */,
				8C7FA8702B5F2EF2009B699D /* NearbyTransitViewTests.swift */,
				9A887D582B698EF1006F5B80 /* SearchResultViewTests.swift */,
				6E35D4D22B72CD3900A2BF95 /* HomeMapViewTests.swift */,
				9A60E8E62B8501BD008A8D5C /* RoutePillTests.swift */,
				9A7B7CA82B98E41B0045214F /* NonNilModifierTests.swift */,
				9A635D1E2B99103200A43C51 /* EmptyWhenModifierTests.swift */,
			);
			path = Views;
			sourceTree = "<group>";
		};
		6EF50F4F2B988BC500833070 /* Fetchers */ = {
			isa = PBXGroup;
			children = (
				6EF50F502B988BF600833070 /* PredictionsFetcherTests.swift */,
				8CEA10262BA4C83D001C6EB9 /* AlertsFetcherTests.swift */,
				9A69D48F2B99212300235125 /* NearbyFetcherTests.swift */,
				9AD1D1FD2BA4D5C600182060 /* ViewportProviderTest.swift */,
			);
			path = Fetchers;
			sourceTree = "<group>";
		};
		7555FF72242A565900829871 = {
			isa = PBXGroup;
			children = (
				8C42F06F2B890BC800F9A77B /* .swiftlint.yml */,
				8C304C652B69C0C300263886 /* .swift-version */,
				6E9BCCE12B3F221A005FB96E /* iosApp.xctestplan */,
				8C349BB72B754F2600AC7FFB /* 10 Park Plaza.gpx */,
				7555FF7D242A565900829871 /* iosApp */,
				6EED5E8D2B3DC69F0052A1B8 /* iosAppTests */,
				6EED5E9A2B3DC6C10052A1B8 /* iosAppUITests */,
				7555FF7C242A565900829871 /* Products */,
				7555FFB0242A642200829871 /* Frameworks */,
				7A3CBAAEF3F420C6E00CC576 /* Pods */,
			);
			sourceTree = "<group>";
		};
		7555FF7C242A565900829871 /* Products */ = {
			isa = PBXGroup;
			children = (
				7555FF7B242A565900829871 /* iosApp.app */,
				6EED5E8C2B3DC69F0052A1B8 /* iosAppTests.xctest */,
				6EED5E992B3DC6C10052A1B8 /* iosAppUITests.xctest */,
			);
			name = Products;
			sourceTree = "<group>";
		};
		7555FF7D242A565900829871 /* iosApp */ = {
			isa = PBXGroup;
			children = (
				9A2005C02B97B56100F562E1 /* Pages */,
				6EE7457C2B965AD40052227E /* Phoenix */,
				9AC10BD82B80060E00EA4605 /* Utils */,
				9A4E8E572B7EC49A0066B936 /* ComponentViews */,
				9A9E05F22B6D6D9F0086B437 /* Fetchers */,
				058557BA273AAA24004C7B11 /* Assets.xcassets */,
				9AF88E042B48913C00E08C7C /* Localizable.xcstrings */,
				7555FF82242A565900829871 /* ContentView.swift */,
				7555FF8C242A565B00829871 /* Info.plist */,
				2152FB032600AC8F00CF470E /* IOSApp.swift */,
				058557D7273AAEEB004C7B11 /* Preview Content */,
				8CC1BB3F2B59D1F6005386FE /* LocationDataManager.swift */,
			);
			path = iosApp;
			sourceTree = "<group>";
		};
		7555FFB0242A642200829871 /* Frameworks */ = {
			isa = PBXGroup;
			children = (
				1C6BD892027AC258EE8F408D /* Pods_iosApp.framework */,
				ED1649D982654BA7A4D2F2DC /* Pods_iosAppTests.framework */,
			);
			name = Frameworks;
			sourceTree = "<group>";
		};
		7A3CBAAEF3F420C6E00CC576 /* Pods */ = {
			isa = PBXGroup;
			children = (
				3091F80084042A822F2C6F31 /* Pods-iosApp.debug.xcconfig */,
				4F295A964D91843215C2E352 /* Pods-iosApp.release.xcconfig */,
				7AEBEB5506194DEAD258EFCD /* Pods-iosAppTests.debug.xcconfig */,
				F71252D2B68FF131F8E6BDE2 /* Pods-iosAppTests.release.xcconfig */,
			);
			path = Pods;
			sourceTree = "<group>";
		};
		9A2005C02B97B56100F562E1 /* Pages */ = {
			isa = PBXGroup;
			children = (
				9A2005C32B97B5A000F562E1 /* Search */,
				9A2005C22B97B57E00F562E1 /* Map */,
				9A2005C12B97B56C00F562E1 /* NearbyTransit */,
			);
			path = Pages;
			sourceTree = "<group>";
		};
		9A2005C12B97B56C00F562E1 /* NearbyTransit */ = {
			isa = PBXGroup;
			children = (
				8C84D33D2B5AEE0200192C0A /* NearbyTransitView.swift */,
				9A2005C42B97B5EA00F562E1 /* NearbyRouteView.swift */,
				9A2005C62B97B63300F562E1 /* NearbyStopView.swift */,
				9A2005C82B97B65900F562E1 /* NearbyStopRoutePatternView.swift */,
				9A2005CA2B97B68700F562E1 /* UpcomingTripView.swift */,
			);
			path = NearbyTransit;
			sourceTree = "<group>";
		};
		9A2005C22B97B57E00F562E1 /* Map */ = {
			isa = PBXGroup;
			children = (
				6E35D4CF2B72C7B700A2BF95 /* HomeMapView.swift */,
			);
			path = Map;
			sourceTree = "<group>";
		};
		9A2005C32B97B5A000F562E1 /* Search */ = {
			isa = PBXGroup;
			children = (
				9A887D562B683103006F5B80 /* SearchResultView.swift */,
			);
			path = Search;
			sourceTree = "<group>";
		};
		9A4E8E572B7EC49A0066B936 /* ComponentViews */ = {
			isa = PBXGroup;
			children = (
				9A4E8E582B7EC4B90066B936 /* RoutePill.swift */,
				9AB44A102B8FC43E00E8FFB3 /* IconCard.swift */,
			);
			path = ComponentViews;
			sourceTree = "<group>";
		};
		9A9E05F22B6D6D9F0086B437 /* Fetchers */ = {
			isa = PBXGroup;
			children = (
				8C7FA8722B5F36D6009B699D /* Backend.swift */,
				9A9E05F32B6D6DEA0086B437 /* SearchResultFetcher.swift */,
				9A9E05F52B6D6EF70086B437 /* NearbyFetcher.swift */,
				9A1631E52B76CAB400F667F4 /* GlobalFetcher.swift */,
				8CD1F8CC2B7164C100F419D4 /* PredictionsFetcher.swift */,
				9A8B34AC2B88E5080018412C /* RailRouteShapeFetcher.swift */,
				6E99CBB62B9892C80047E78D /* SocketProvider.swift */,
				8CEA10222BA0F3C6001C6EB9 /* ScheduleFetcher.swift */,
				8CEA10242BA4B179001C6EB9 /* AlertsFetcher.swift */,
				9A5830572BA4A1A30039876E /* ViewportProvider.swift */,
			);
			path = Fetchers;
			sourceTree = "<group>";
		};
		9AC10BD82B80060E00EA4605 /* Utils */ = {
			isa = PBXGroup;
			children = (
				9AC10BD92B80067400EA4605 /* ColorHexExtension.swift */,
				9AB44A122B911E6400E8FFB3 /* DateExtension.swift */,
				9A3B09352B967CEC00691427 /* NonNilModifier.swift */,
				9A6DDF902B976FDF004D141A /* EmptyWhenModifier.swift */,
				9A5830552BA3A2CE0039876E /* ViewportExtension.swift */,
				9A03F3652BA9E68500DA40DC /* Debouncer.swift */,
			);
			path = Utils;
			sourceTree = "<group>";
		};
/* End PBXGroup section */

/* Begin PBXNativeTarget section */
		6EED5E8B2B3DC69F0052A1B8 /* iosAppTests */ = {
			isa = PBXNativeTarget;
			buildConfigurationList = 6EED5E942B3DC6A00052A1B8 /* Build configuration list for PBXNativeTarget "iosAppTests" */;
			buildPhases = (
				55D6C38F2F741CA4B427262A /* [CP] Check Pods Manifest.lock */,
				8C35B50C2B61850900A3CB77 /* ShellScript */,
				6EED5E882B3DC69F0052A1B8 /* Sources */,
				6EED5E892B3DC69F0052A1B8 /* Frameworks */,
				6EED5E8A2B3DC69F0052A1B8 /* Resources */,
			);
			buildRules = (
			);
			dependencies = (
				6EED5E912B3DC6A00052A1B8 /* PBXTargetDependency */,
			);
			name = iosAppTests;
			packageProductDependencies = (
				6EED5EAD2B3E1BA80052A1B8 /* ViewInspector */,
			);
			productName = iosAppTests;
			productReference = 6EED5E8C2B3DC69F0052A1B8 /* iosAppTests.xctest */;
			productType = "com.apple.product-type.bundle.unit-test";
		};
		6EED5E982B3DC6C10052A1B8 /* iosAppUITests */ = {
			isa = PBXNativeTarget;
			buildConfigurationList = 6EED5EA12B3DC6C10052A1B8 /* Build configuration list for PBXNativeTarget "iosAppUITests" */;
			buildPhases = (
				6EED5E952B3DC6C10052A1B8 /* Sources */,
				6EED5E962B3DC6C10052A1B8 /* Frameworks */,
				6EED5E972B3DC6C10052A1B8 /* Resources */,
			);
			buildRules = (
			);
			dependencies = (
				6EED5EA02B3DC6C10052A1B8 /* PBXTargetDependency */,
			);
			name = iosAppUITests;
			productName = iosAppUITests;
			productReference = 6EED5E992B3DC6C10052A1B8 /* iosAppUITests.xctest */;
			productType = "com.apple.product-type.bundle.ui-testing";
		};
		7555FF7A242A565900829871 /* iosApp */ = {
			isa = PBXNativeTarget;
			buildConfigurationList = 7555FFA5242A565B00829871 /* Build configuration list for PBXNativeTarget "iosApp" */;
			buildPhases = (
				7E1E3E807BCE8F2D4B7E5C7B /* [CP] Check Pods Manifest.lock */,
				7555FF77242A565900829871 /* Sources */,
				7555FF78242A565900829871 /* Frameworks */,
				7555FF79242A565900829871 /* Resources */,
				7555FFB4242A642300829871 /* Embed Frameworks */,
				6E35D4D12B72C8E400A2BF95 /* Configure Mapbox */,
				8E51C9A5DAABE639C0FD100E /* [CP] Embed Pods Frameworks */,
				6ECD29FE2BA31201005CD381 /* Configure Build Variables */,
			);
			buildRules = (
			);
			dependencies = (
				8C42F06E2B87BD1D00F9A77B /* PBXTargetDependency */,
			);
			name = iosApp;
			packageProductDependencies = (
				6E35D4CD2B72C74500A2BF95 /* MapboxMaps */,
				9A8B34AF2B892C810018412C /* Polyline */,
				6EE745802B965AEA0052227E /* SwiftPhoenixClient */,
			);
			productName = iosApp;
			productReference = 7555FF7B242A565900829871 /* iosApp.app */;
			productType = "com.apple.product-type.application";
		};
/* End PBXNativeTarget section */

/* Begin PBXProject section */
		7555FF73242A565900829871 /* Project object */ = {
			isa = PBXProject;
			attributes = {
				LastSwiftUpdateCheck = 1510;
				LastUpgradeCheck = 1130;
				ORGANIZATIONNAME = MBTA;
				TargetAttributes = {
					6EED5E8B2B3DC69F0052A1B8 = {
						CreatedOnToolsVersion = 15.1;
						TestTargetID = 7555FF7A242A565900829871;
					};
					6EED5E982B3DC6C10052A1B8 = {
						CreatedOnToolsVersion = 15.1;
						TestTargetID = 7555FF7A242A565900829871;
					};
					7555FF7A242A565900829871 = {
						CreatedOnToolsVersion = 11.3.1;
					};
				};
			};
			buildConfigurationList = 7555FF76242A565900829871 /* Build configuration list for PBXProject "iosApp" */;
			compatibilityVersion = "Xcode 9.3";
			developmentRegion = en;
			hasScannedForEncodings = 0;
			knownRegions = (
				en,
				es,
				Base,
			);
			mainGroup = 7555FF72242A565900829871;
			packageReferences = (
				6EED5EAC2B3E1BA80052A1B8 /* XCRemoteSwiftPackageReference "ViewInspector" */,
				6E35D4CC2B72C74500A2BF95 /* XCRemoteSwiftPackageReference "mapbox-maps-ios" */,
				8C42F06A2B87BCF700F9A77B /* XCRemoteSwiftPackageReference "SwiftLint" */,
				9A8B34AE2B892C810018412C /* XCRemoteSwiftPackageReference "Polyline" */,
				6EE7457F2B965AEA0052227E /* XCRemoteSwiftPackageReference "SwiftPhoenixClient" */,
			);
			productRefGroup = 7555FF7C242A565900829871 /* Products */;
			projectDirPath = "";
			projectRoot = "";
			targets = (
				7555FF7A242A565900829871 /* iosApp */,
				6EED5E8B2B3DC69F0052A1B8 /* iosAppTests */,
				6EED5E982B3DC6C10052A1B8 /* iosAppUITests */,
			);
		};
/* End PBXProject section */

/* Begin PBXResourcesBuildPhase section */
		6EED5E8A2B3DC69F0052A1B8 /* Resources */ = {
			isa = PBXResourcesBuildPhase;
			buildActionMask = 2147483647;
			files = (
			);
			runOnlyForDeploymentPostprocessing = 0;
		};
		6EED5E972B3DC6C10052A1B8 /* Resources */ = {
			isa = PBXResourcesBuildPhase;
			buildActionMask = 2147483647;
			files = (
			);
			runOnlyForDeploymentPostprocessing = 0;
		};
		7555FF79242A565900829871 /* Resources */ = {
			isa = PBXResourcesBuildPhase;
			buildActionMask = 2147483647;
			files = (
				058557D9273AAEEB004C7B11 /* Preview Assets.xcassets in Resources */,
				058557BB273AAA24004C7B11 /* Assets.xcassets in Resources */,
				9AF88E052B48913C00E08C7C /* Localizable.xcstrings in Resources */,
			);
			runOnlyForDeploymentPostprocessing = 0;
		};
/* End PBXResourcesBuildPhase section */

/* Begin PBXShellScriptBuildPhase section */
		55D6C38F2F741CA4B427262A /* [CP] Check Pods Manifest.lock */ = {
			isa = PBXShellScriptBuildPhase;
			buildActionMask = 2147483647;
			files = (
			);
			inputFileListPaths = (
			);
			inputPaths = (
				"${PODS_PODFILE_DIR_PATH}/Podfile.lock",
				"${PODS_ROOT}/Manifest.lock",
			);
			name = "[CP] Check Pods Manifest.lock";
			outputFileListPaths = (
			);
			outputPaths = (
				"$(DERIVED_FILE_DIR)/Pods-iosAppTests-checkManifestLockResult.txt",
			);
			runOnlyForDeploymentPostprocessing = 0;
			shellPath = /bin/sh;
			shellScript = "diff \"${PODS_PODFILE_DIR_PATH}/Podfile.lock\" \"${PODS_ROOT}/Manifest.lock\" > /dev/null\nif [ $? != 0 ] ; then\n    # print error to STDERR\n    echo \"error: The sandbox is not in sync with the Podfile.lock. Run 'pod install' or update your CocoaPods installation.\" >&2\n    exit 1\nfi\n# This output is used by Xcode 'outputs' to avoid re-running this script phase.\necho \"SUCCESS\" > \"${SCRIPT_OUTPUT_FILE_0}\"\n";
			showEnvVarsInLog = 0;
		};
		6E35D4D12B72C8E400A2BF95 /* Configure Mapbox */ = {
			isa = PBXShellScriptBuildPhase;
			buildActionMask = 2147483647;
			files = (
			);
			inputFileListPaths = (
			);
			inputPaths = (
			);
			name = "Configure Mapbox";
			outputFileListPaths = (
			);
			outputPaths = (
			);
			runOnlyForDeploymentPostprocessing = 0;
			shellPath = /bin/sh;
			shellScript = "token_file=secrets/mapbox\ntoken_file2=../mapbox\ntoken=\"$(cat $token_file 2>/dev/null || cat $token_file2 2>/dev/null)\"\nif [ \"$token\" ]; then\n  plutil -replace MBXAccessToken -string $token \"$TARGET_BUILD_DIR/$INFOPLIST_PATH\"\nelse\n  echo 'warning: Missing Mapbox access token'\n  open 'https://account.mapbox.com/access-tokens/'\n  echo \"warning: Get an access token from <https://account.mapbox.com/access-tokens/>, then create a new file at $token_file or $token_file2 that contains the access token.\"\nfi\n";
		};
		6ECD29FE2BA31201005CD381 /* Configure Build Variables */ = {
			isa = PBXShellScriptBuildPhase;
			buildActionMask = 2147483647;
			files = (
			);
			inputFileListPaths = (
			);
			inputPaths = (
			);
			name = "Configure Build Variables";
			outputFileListPaths = (
			);
			outputPaths = (
			);
			runOnlyForDeploymentPostprocessing = 0;
			shellPath = /bin/sh;
			shellScript = "echo \"Adding info.plist values from .envrc\"\ncat ../.envrc | while IFS=\"=\" read -r key value; do\n    key=$(echo $key | sed 's/export //')    \n    echo \"$key\"\n    if [ -n \"$value\" ]; then\n        plutil -replace $key -string $value \"$TARGET_BUILD_DIR/$INFOPLIST_PATH\"\n        echo \"plist entry for $key added\"\n    else\n        echo \"Skipping plist entry for $key - no value set\"\n    fi\ndone\n";
		};
		7E1E3E807BCE8F2D4B7E5C7B /* [CP] Check Pods Manifest.lock */ = {
			isa = PBXShellScriptBuildPhase;
			buildActionMask = 2147483647;
			files = (
			);
			inputFileListPaths = (
			);
			inputPaths = (
				"${PODS_PODFILE_DIR_PATH}/Podfile.lock",
				"${PODS_ROOT}/Manifest.lock",
			);
			name = "[CP] Check Pods Manifest.lock";
			outputFileListPaths = (
			);
			outputPaths = (
				"$(DERIVED_FILE_DIR)/Pods-iosApp-checkManifestLockResult.txt",
			);
			runOnlyForDeploymentPostprocessing = 0;
			shellPath = /bin/sh;
			shellScript = "diff \"${PODS_PODFILE_DIR_PATH}/Podfile.lock\" \"${PODS_ROOT}/Manifest.lock\" > /dev/null\nif [ $? != 0 ] ; then\n    # print error to STDERR\n    echo \"error: The sandbox is not in sync with the Podfile.lock. Run 'pod install' or update your CocoaPods installation.\" >&2\n    exit 1\nfi\n# This output is used by Xcode 'outputs' to avoid re-running this script phase.\necho \"SUCCESS\" > \"${SCRIPT_OUTPUT_FILE_0}\"\n";
			showEnvVarsInLog = 0;
		};
		8C35B50C2B61850900A3CB77 /* ShellScript */ = {
			isa = PBXShellScriptBuildPhase;
			buildActionMask = 2147483647;
			files = (
			);
			inputFileListPaths = (
			);
			inputPaths = (
			);
			outputFileListPaths = (
			);
			outputPaths = (
			);
			runOnlyForDeploymentPostprocessing = 0;
			shellPath = /bin/sh;
			shellScript = "cd \"$SRCROOT/..\"\n./gradlew :shared:embedAndSignAppleFrameworkForXcode\n";
		};
		8E51C9A5DAABE639C0FD100E /* [CP] Embed Pods Frameworks */ = {
			isa = PBXShellScriptBuildPhase;
			buildActionMask = 2147483647;
			files = (
			);
			inputFileListPaths = (
				"${PODS_ROOT}/Target Support Files/Pods-iosApp/Pods-iosApp-frameworks-${CONFIGURATION}-input-files.xcfilelist",
			);
			name = "[CP] Embed Pods Frameworks";
			outputFileListPaths = (
				"${PODS_ROOT}/Target Support Files/Pods-iosApp/Pods-iosApp-frameworks-${CONFIGURATION}-output-files.xcfilelist",
			);
			runOnlyForDeploymentPostprocessing = 0;
			shellPath = /bin/sh;
			shellScript = "\"${PODS_ROOT}/Target Support Files/Pods-iosApp/Pods-iosApp-frameworks.sh\"\n";
			showEnvVarsInLog = 0;
		};
/* End PBXShellScriptBuildPhase section */

/* Begin PBXSourcesBuildPhase section */
		6EED5E882B3DC69F0052A1B8 /* Sources */ = {
			isa = PBXSourcesBuildPhase;
			buildActionMask = 2147483647;
			files = (
				9AD1D1FE2BA4D5C600182060 /* ViewportProviderTest.swift in Sources */,
				9A887D592B698EF1006F5B80 /* SearchResultViewTests.swift in Sources */,
				6EE745842B965B9C0052227E /* SocketTests.swift in Sources */,
				8CEA10272BA4C83D001C6EB9 /* AlertsFetcherTests.swift in Sources */,
				6EF50F482B9889D600833070 /* MockSocket.swift in Sources */,
				6EF50F512B988BF600833070 /* PredictionsFetcherTests.swift in Sources */,
				9A7B7CA92B98E41B0045214F /* NonNilModifierTests.swift in Sources */,
				6EED5EAB2B3E1B550052A1B8 /* ContentViewTests.swift in Sources */,
				9A60E8E72B8501BD008A8D5C /* RoutePillTests.swift in Sources */,
				6E35D4D32B72CD3900A2BF95 /* HomeMapViewTests.swift in Sources */,
				9A69D4902B99212400235125 /* NearbyFetcherTests.swift in Sources */,
				9A635D1F2B99103200A43C51 /* EmptyWhenModifierTests.swift in Sources */,
				8C7FA86F2B5EEA34009B699D /* LocationDataManagerTests.swift in Sources */,
				6EED5E8F2B3DC6A00052A1B8 /* IosAppTests.swift in Sources */,
				8C7FA8712B5F2EF2009B699D /* NearbyTransitViewTests.swift in Sources */,
				6E4EACFC2B7A82AC0011AB8B /* MockLocationFetcher.swift in Sources */,
				6EE745882B965C2B0052227E /* MessageTests.swift in Sources */,
			);
			runOnlyForDeploymentPostprocessing = 0;
		};
		6EED5E952B3DC6C10052A1B8 /* Sources */ = {
			isa = PBXSourcesBuildPhase;
			buildActionMask = 2147483647;
			files = (
				9ACA9DF32BA1EC8B003F0E9E /* HomeMapViewUITests.swift in Sources */,
				6EED5E9E2B3DC6C10052A1B8 /* IosAppUITestsLaunchTests.swift in Sources */,
				6EED5E9C2B3DC6C10052A1B8 /* IosAppUITests.swift in Sources */,
			);
			runOnlyForDeploymentPostprocessing = 0;
		};
		7555FF77242A565900829871 /* Sources */ = {
			isa = PBXSourcesBuildPhase;
			buildActionMask = 2147483647;
			files = (
				8CEA10232BA0F3C6001C6EB9 /* ScheduleFetcher.swift in Sources */,
				6E99CBB72B9892C80047E78D /* SocketProvider.swift in Sources */,
				9A6DDF912B976FDF004D141A /* EmptyWhenModifier.swift in Sources */,
				6EE7457E2B965ADE0052227E /* Socket.swift in Sources */,
				9A03F3662BA9E68500DA40DC /* Debouncer.swift in Sources */,
				9A8B34AD2B88E5090018412C /* RailRouteShapeFetcher.swift in Sources */,
				9A2005CB2B97B68700F562E1 /* UpcomingTripView.swift in Sources */,
				9AB44A132B911E6400E8FFB3 /* DateExtension.swift in Sources */,
				6EE745862B965C130052227E /* Message.swift in Sources */,
				9A9E05F62B6D6EF70086B437 /* NearbyFetcher.swift in Sources */,
				9A2005C92B97B65900F562E1 /* NearbyStopRoutePatternView.swift in Sources */,
				9A4E8E592B7EC4B90066B936 /* RoutePill.swift in Sources */,
				9A9E05F42B6D6DEA0086B437 /* SearchResultFetcher.swift in Sources */,
				9A3B09362B967CEC00691427 /* NonNilModifier.swift in Sources */,
				2152FB042600AC8F00CF470E /* IOSApp.swift in Sources */,
				8CD1F8CD2B7164C100F419D4 /* PredictionsFetcher.swift in Sources */,
				9A887D572B683103006F5B80 /* SearchResultView.swift in Sources */,
				8CEA10252BA4B179001C6EB9 /* AlertsFetcher.swift in Sources */,
				6E35D4D02B72C7B700A2BF95 /* HomeMapView.swift in Sources */,
				8CC1BB402B59D1F6005386FE /* LocationDataManager.swift in Sources */,
				8C7FA8732B5F36D6009B699D /* Backend.swift in Sources */,
				9A2005C72B97B63300F562E1 /* NearbyStopView.swift in Sources */,
				7555FF83242A565900829871 /* ContentView.swift in Sources */,
				9AB44A112B8FC43E00E8FFB3 /* IconCard.swift in Sources */,
				9A1631E62B76CAB400F667F4 /* GlobalFetcher.swift in Sources */,
				8C84D33E2B5AEE0200192C0A /* NearbyTransitView.swift in Sources */,
				9AC10BDA2B80067400EA4605 /* ColorHexExtension.swift in Sources */,
				9A2005C52B97B5EA00F562E1 /* NearbyRouteView.swift in Sources */,
				9A5830562BA3A2CE0039876E /* ViewportExtension.swift in Sources */,
				9A5830582BA4A1A30039876E /* ViewportProvider.swift in Sources */,
			);
			runOnlyForDeploymentPostprocessing = 0;
		};
/* End PBXSourcesBuildPhase section */

/* Begin PBXTargetDependency section */
		6EED5E912B3DC6A00052A1B8 /* PBXTargetDependency */ = {
			isa = PBXTargetDependency;
			target = 7555FF7A242A565900829871 /* iosApp */;
			targetProxy = 6EED5E902B3DC6A00052A1B8 /* PBXContainerItemProxy */;
		};
		6EED5EA02B3DC6C10052A1B8 /* PBXTargetDependency */ = {
			isa = PBXTargetDependency;
			target = 7555FF7A242A565900829871 /* iosApp */;
			targetProxy = 6EED5E9F2B3DC6C10052A1B8 /* PBXContainerItemProxy */;
		};
		8C42F06E2B87BD1D00F9A77B /* PBXTargetDependency */ = {
			isa = PBXTargetDependency;
			productRef = 8C42F06D2B87BD1D00F9A77B /* SwiftLintPlugin */;
		};
/* End PBXTargetDependency section */

/* Begin XCBuildConfiguration section */
		6EED5E922B3DC6A00052A1B8 /* Debug */ = {
			isa = XCBuildConfiguration;
			baseConfigurationReference = 7AEBEB5506194DEAD258EFCD /* Pods-iosAppTests.debug.xcconfig */;
			buildSettings = {
				ASSETCATALOG_COMPILER_GENERATE_SWIFT_ASSET_SYMBOL_EXTENSIONS = YES;
				BUNDLE_LOADER = "$(TEST_HOST)";
				CLANG_CXX_LANGUAGE_STANDARD = "gnu++20";
				CODE_SIGN_STYLE = Automatic;
				CURRENT_PROJECT_VERSION = 1;
				DEBUG_INFORMATION_FORMAT = dwarf;
				DEVELOPMENT_TEAM = RP77QY87AD;
				ENABLE_USER_SCRIPT_SANDBOXING = YES;
				GCC_C_LANGUAGE_STANDARD = gnu17;
				GENERATE_INFOPLIST_FILE = YES;
				IPHONEOS_DEPLOYMENT_TARGET = 17.0;
				LOCALIZATION_PREFERS_STRING_CATALOGS = YES;
				MARKETING_VERSION = 1.0;
				PRODUCT_BUNDLE_IDENTIFIER = com.mbta.tid.iosAppTests;
				PRODUCT_NAME = "$(TARGET_NAME)";
				SUPPORTED_PLATFORMS = "iphoneos iphonesimulator";
				SUPPORTS_MACCATALYST = NO;
				SUPPORTS_MAC_DESIGNED_FOR_IPHONE_IPAD = NO;
				SWIFT_ACTIVE_COMPILATION_CONDITIONS = "DEBUG $(inherited)";
				SWIFT_EMIT_LOC_STRINGS = NO;
				SWIFT_VERSION = 5.0;
				TARGETED_DEVICE_FAMILY = 1;
				TEST_HOST = "$(BUILT_PRODUCTS_DIR)/iosApp.app/$(BUNDLE_EXECUTABLE_FOLDER_PATH)/iosApp";
			};
			name = Debug;
		};
		6EED5E932B3DC6A00052A1B8 /* Release */ = {
			isa = XCBuildConfiguration;
			baseConfigurationReference = F71252D2B68FF131F8E6BDE2 /* Pods-iosAppTests.release.xcconfig */;
			buildSettings = {
				ASSETCATALOG_COMPILER_GENERATE_SWIFT_ASSET_SYMBOL_EXTENSIONS = YES;
				BUNDLE_LOADER = "$(TEST_HOST)";
				CLANG_CXX_LANGUAGE_STANDARD = "gnu++20";
				CODE_SIGN_STYLE = Automatic;
				CURRENT_PROJECT_VERSION = 1;
				DEVELOPMENT_TEAM = RP77QY87AD;
				ENABLE_USER_SCRIPT_SANDBOXING = YES;
				GCC_C_LANGUAGE_STANDARD = gnu17;
				GENERATE_INFOPLIST_FILE = YES;
				IPHONEOS_DEPLOYMENT_TARGET = 17.0;
				LOCALIZATION_PREFERS_STRING_CATALOGS = YES;
				MARKETING_VERSION = 1.0;
				PRODUCT_BUNDLE_IDENTIFIER = com.mbta.tid.iosAppTests;
				PRODUCT_NAME = "$(TARGET_NAME)";
				SUPPORTED_PLATFORMS = "iphoneos iphonesimulator";
				SUPPORTS_MACCATALYST = NO;
				SUPPORTS_MAC_DESIGNED_FOR_IPHONE_IPAD = NO;
				SWIFT_EMIT_LOC_STRINGS = NO;
				SWIFT_VERSION = 5.0;
				TARGETED_DEVICE_FAMILY = 1;
				TEST_HOST = "$(BUILT_PRODUCTS_DIR)/iosApp.app/$(BUNDLE_EXECUTABLE_FOLDER_PATH)/iosApp";
			};
			name = Release;
		};
		6EED5EA22B3DC6C10052A1B8 /* Debug */ = {
			isa = XCBuildConfiguration;
			buildSettings = {
				ASSETCATALOG_COMPILER_GENERATE_SWIFT_ASSET_SYMBOL_EXTENSIONS = YES;
				CLANG_CXX_LANGUAGE_STANDARD = "gnu++20";
				CODE_SIGN_STYLE = Automatic;
				CURRENT_PROJECT_VERSION = 1;
				DEBUG_INFORMATION_FORMAT = dwarf;
				DEVELOPMENT_TEAM = RP77QY87AD;
				ENABLE_USER_SCRIPT_SANDBOXING = YES;
				GCC_C_LANGUAGE_STANDARD = gnu17;
				GENERATE_INFOPLIST_FILE = YES;
				IPHONEOS_DEPLOYMENT_TARGET = 17.0;
				LOCALIZATION_PREFERS_STRING_CATALOGS = YES;
				MARKETING_VERSION = 1.0;
				PRODUCT_BUNDLE_IDENTIFIER = com.mbta.tid.iosAppUITests;
				PRODUCT_NAME = "$(TARGET_NAME)";
				SUPPORTED_PLATFORMS = "iphoneos iphonesimulator";
				SUPPORTS_MACCATALYST = NO;
				SUPPORTS_MAC_DESIGNED_FOR_IPHONE_IPAD = NO;
				SWIFT_ACTIVE_COMPILATION_CONDITIONS = "DEBUG $(inherited)";
				SWIFT_EMIT_LOC_STRINGS = NO;
				SWIFT_VERSION = 5.0;
				TARGETED_DEVICE_FAMILY = 1;
				TEST_TARGET_NAME = iosApp;
			};
			name = Debug;
		};
		6EED5EA32B3DC6C10052A1B8 /* Release */ = {
			isa = XCBuildConfiguration;
			buildSettings = {
				ASSETCATALOG_COMPILER_GENERATE_SWIFT_ASSET_SYMBOL_EXTENSIONS = YES;
				CLANG_CXX_LANGUAGE_STANDARD = "gnu++20";
				CODE_SIGN_STYLE = Automatic;
				CURRENT_PROJECT_VERSION = 1;
				DEVELOPMENT_TEAM = RP77QY87AD;
				ENABLE_USER_SCRIPT_SANDBOXING = YES;
				GCC_C_LANGUAGE_STANDARD = gnu17;
				GENERATE_INFOPLIST_FILE = YES;
				IPHONEOS_DEPLOYMENT_TARGET = 17.0;
				LOCALIZATION_PREFERS_STRING_CATALOGS = YES;
				MARKETING_VERSION = 1.0;
				PRODUCT_BUNDLE_IDENTIFIER = com.mbta.tid.iosAppUITests;
				PRODUCT_NAME = "$(TARGET_NAME)";
				SUPPORTED_PLATFORMS = "iphoneos iphonesimulator";
				SUPPORTS_MACCATALYST = NO;
				SUPPORTS_MAC_DESIGNED_FOR_IPHONE_IPAD = NO;
				SWIFT_EMIT_LOC_STRINGS = NO;
				SWIFT_VERSION = 5.0;
				TARGETED_DEVICE_FAMILY = 1;
				TEST_TARGET_NAME = iosApp;
			};
			name = Release;
		};
		7555FFA3242A565B00829871 /* Debug */ = {
			isa = XCBuildConfiguration;
			buildSettings = {
				ALWAYS_SEARCH_USER_PATHS = NO;
				CLANG_ANALYZER_NONNULL = YES;
				CLANG_ANALYZER_NUMBER_OBJECT_CONVERSION = YES_AGGRESSIVE;
				CLANG_CXX_LANGUAGE_STANDARD = "gnu++14";
				CLANG_CXX_LIBRARY = "libc++";
				CLANG_ENABLE_MODULES = YES;
				CLANG_ENABLE_OBJC_ARC = YES;
				CLANG_ENABLE_OBJC_WEAK = YES;
				CLANG_WARN_BLOCK_CAPTURE_AUTORELEASING = YES;
				CLANG_WARN_BOOL_CONVERSION = YES;
				CLANG_WARN_COMMA = YES;
				CLANG_WARN_CONSTANT_CONVERSION = YES;
				CLANG_WARN_DEPRECATED_OBJC_IMPLEMENTATIONS = YES;
				CLANG_WARN_DIRECT_OBJC_ISA_USAGE = YES_ERROR;
				CLANG_WARN_DOCUMENTATION_COMMENTS = YES;
				CLANG_WARN_EMPTY_BODY = YES;
				CLANG_WARN_ENUM_CONVERSION = YES;
				CLANG_WARN_INFINITE_RECURSION = YES;
				CLANG_WARN_INT_CONVERSION = YES;
				CLANG_WARN_NON_LITERAL_NULL_CONVERSION = YES;
				CLANG_WARN_OBJC_IMPLICIT_RETAIN_SELF = YES;
				CLANG_WARN_OBJC_LITERAL_CONVERSION = YES;
				CLANG_WARN_OBJC_ROOT_CLASS = YES_ERROR;
				CLANG_WARN_QUOTED_INCLUDE_IN_FRAMEWORK_HEADER = YES;
				CLANG_WARN_RANGE_LOOP_ANALYSIS = YES;
				CLANG_WARN_STRICT_PROTOTYPES = YES;
				CLANG_WARN_SUSPICIOUS_MOVE = YES;
				CLANG_WARN_UNGUARDED_AVAILABILITY = YES_AGGRESSIVE;
				CLANG_WARN_UNREACHABLE_CODE = YES;
				CLANG_WARN__DUPLICATE_METHOD_MATCH = YES;
				COPY_PHASE_STRIP = NO;
				DEBUG_INFORMATION_FORMAT = "dwarf-with-dsym";
				ENABLE_STRICT_OBJC_MSGSEND = YES;
				ENABLE_TESTABILITY = YES;
				GCC_C_LANGUAGE_STANDARD = gnu11;
				GCC_DYNAMIC_NO_PIC = NO;
				GCC_NO_COMMON_BLOCKS = YES;
				GCC_OPTIMIZATION_LEVEL = 0;
				GCC_PREPROCESSOR_DEFINITIONS = (
					"DEBUG=1",
					"$(inherited)",
				);
				GCC_WARN_64_TO_32_BIT_CONVERSION = YES;
				GCC_WARN_ABOUT_RETURN_TYPE = YES_ERROR;
				GCC_WARN_UNDECLARED_SELECTOR = YES;
				GCC_WARN_UNINITIALIZED_AUTOS = YES_AGGRESSIVE;
				GCC_WARN_UNUSED_FUNCTION = YES;
				GCC_WARN_UNUSED_VARIABLE = YES;
				IPHONEOS_DEPLOYMENT_TARGET = 15.0;
				MTL_ENABLE_DEBUG_INFO = INCLUDE_SOURCE;
				MTL_FAST_MATH = YES;
				ONLY_ACTIVE_ARCH = YES;
				SDKROOT = iphoneos;
				SWIFT_ACTIVE_COMPILATION_CONDITIONS = DEBUG;
				SWIFT_OPTIMIZATION_LEVEL = "-Onone";
			};
			name = Debug;
		};
		7555FFA4242A565B00829871 /* Release */ = {
			isa = XCBuildConfiguration;
			buildSettings = {
				ALWAYS_SEARCH_USER_PATHS = NO;
				CLANG_ANALYZER_NONNULL = YES;
				CLANG_ANALYZER_NUMBER_OBJECT_CONVERSION = YES_AGGRESSIVE;
				CLANG_CXX_LANGUAGE_STANDARD = "gnu++14";
				CLANG_CXX_LIBRARY = "libc++";
				CLANG_ENABLE_MODULES = YES;
				CLANG_ENABLE_OBJC_ARC = YES;
				CLANG_ENABLE_OBJC_WEAK = YES;
				CLANG_WARN_BLOCK_CAPTURE_AUTORELEASING = YES;
				CLANG_WARN_BOOL_CONVERSION = YES;
				CLANG_WARN_COMMA = YES;
				CLANG_WARN_CONSTANT_CONVERSION = YES;
				CLANG_WARN_DEPRECATED_OBJC_IMPLEMENTATIONS = YES;
				CLANG_WARN_DIRECT_OBJC_ISA_USAGE = YES_ERROR;
				CLANG_WARN_DOCUMENTATION_COMMENTS = YES;
				CLANG_WARN_EMPTY_BODY = YES;
				CLANG_WARN_ENUM_CONVERSION = YES;
				CLANG_WARN_INFINITE_RECURSION = YES;
				CLANG_WARN_INT_CONVERSION = YES;
				CLANG_WARN_NON_LITERAL_NULL_CONVERSION = YES;
				CLANG_WARN_OBJC_IMPLICIT_RETAIN_SELF = YES;
				CLANG_WARN_OBJC_LITERAL_CONVERSION = YES;
				CLANG_WARN_OBJC_ROOT_CLASS = YES_ERROR;
				CLANG_WARN_QUOTED_INCLUDE_IN_FRAMEWORK_HEADER = YES;
				CLANG_WARN_RANGE_LOOP_ANALYSIS = YES;
				CLANG_WARN_STRICT_PROTOTYPES = YES;
				CLANG_WARN_SUSPICIOUS_MOVE = YES;
				CLANG_WARN_UNGUARDED_AVAILABILITY = YES_AGGRESSIVE;
				CLANG_WARN_UNREACHABLE_CODE = YES;
				CLANG_WARN__DUPLICATE_METHOD_MATCH = YES;
				COPY_PHASE_STRIP = NO;
				DEBUG_INFORMATION_FORMAT = "dwarf-with-dsym";
				ENABLE_NS_ASSERTIONS = NO;
				ENABLE_STRICT_OBJC_MSGSEND = YES;
				GCC_C_LANGUAGE_STANDARD = gnu11;
				GCC_NO_COMMON_BLOCKS = YES;
				GCC_WARN_64_TO_32_BIT_CONVERSION = YES;
				GCC_WARN_ABOUT_RETURN_TYPE = YES_ERROR;
				GCC_WARN_UNDECLARED_SELECTOR = YES;
				GCC_WARN_UNINITIALIZED_AUTOS = YES_AGGRESSIVE;
				GCC_WARN_UNUSED_FUNCTION = YES;
				GCC_WARN_UNUSED_VARIABLE = YES;
				IPHONEOS_DEPLOYMENT_TARGET = 15.0;
				MTL_ENABLE_DEBUG_INFO = NO;
				MTL_FAST_MATH = YES;
				SDKROOT = iphoneos;
				SWIFT_COMPILATION_MODE = wholemodule;
				SWIFT_OPTIMIZATION_LEVEL = "-O";
				VALIDATE_PRODUCT = YES;
			};
			name = Release;
		};
		7555FFA6242A565B00829871 /* Debug */ = {
			isa = XCBuildConfiguration;
			baseConfigurationReference = 3091F80084042A822F2C6F31 /* Pods-iosApp.debug.xcconfig */;
			buildSettings = {
				ASSETCATALOG_COMPILER_APPICON_NAME = AppIcon;
				CODE_SIGN_STYLE = Automatic;
				DEVELOPMENT_ASSET_PATHS = "\"iosApp/Preview Content\"";
				DEVELOPMENT_TEAM = RP77QY87AD;
				ENABLE_PREVIEWS = YES;
				INFOPLIST_FILE = iosApp/Info.plist;
				IPHONEOS_DEPLOYMENT_TARGET = 15.0;
				LD_RUNPATH_SEARCH_PATHS = (
					"$(inherited)",
					"@executable_path/Frameworks",
				);
				OTHER_LDFLAGS = (
					"$(inherited)",
					"-framework",
					shared,
				);
				PRODUCT_BUNDLE_IDENTIFIER = com.mbta.tid.mbtaapp;
				PRODUCT_NAME = "$(TARGET_NAME)";
				SUPPORTED_PLATFORMS = "iphoneos iphonesimulator";
				SUPPORTS_MACCATALYST = NO;
				SUPPORTS_MAC_DESIGNED_FOR_IPHONE_IPAD = NO;
				SWIFT_VERSION = 5.0;
				TARGETED_DEVICE_FAMILY = 1;
			};
			name = Debug;
		};
		7555FFA7242A565B00829871 /* Release */ = {
			isa = XCBuildConfiguration;
			baseConfigurationReference = 4F295A964D91843215C2E352 /* Pods-iosApp.release.xcconfig */;
			buildSettings = {
				ASSETCATALOG_COMPILER_APPICON_NAME = AppIcon;
				CODE_SIGN_STYLE = Automatic;
				DEVELOPMENT_ASSET_PATHS = "\"iosApp/Preview Content\"";
				DEVELOPMENT_TEAM = RP77QY87AD;
				ENABLE_PREVIEWS = YES;
				INFOPLIST_FILE = iosApp/Info.plist;
				IPHONEOS_DEPLOYMENT_TARGET = 15.0;
				LD_RUNPATH_SEARCH_PATHS = (
					"$(inherited)",
					"@executable_path/Frameworks",
				);
				OTHER_LDFLAGS = (
					"$(inherited)",
					"-framework",
					shared,
				);
				PRODUCT_BUNDLE_IDENTIFIER = com.mbta.tid.mbtaapp;
				PRODUCT_NAME = "$(TARGET_NAME)";
				SUPPORTED_PLATFORMS = "iphoneos iphonesimulator";
				SUPPORTS_MACCATALYST = NO;
				SUPPORTS_MAC_DESIGNED_FOR_IPHONE_IPAD = NO;
				SWIFT_VERSION = 5.0;
				TARGETED_DEVICE_FAMILY = 1;
			};
			name = Release;
		};
/* End XCBuildConfiguration section */

/* Begin XCConfigurationList section */
		6EED5E942B3DC6A00052A1B8 /* Build configuration list for PBXNativeTarget "iosAppTests" */ = {
			isa = XCConfigurationList;
			buildConfigurations = (
				6EED5E922B3DC6A00052A1B8 /* Debug */,
				6EED5E932B3DC6A00052A1B8 /* Release */,
			);
			defaultConfigurationIsVisible = 0;
			defaultConfigurationName = Release;
		};
		6EED5EA12B3DC6C10052A1B8 /* Build configuration list for PBXNativeTarget "iosAppUITests" */ = {
			isa = XCConfigurationList;
			buildConfigurations = (
				6EED5EA22B3DC6C10052A1B8 /* Debug */,
				6EED5EA32B3DC6C10052A1B8 /* Release */,
			);
			defaultConfigurationIsVisible = 0;
			defaultConfigurationName = Release;
		};
		7555FF76242A565900829871 /* Build configuration list for PBXProject "iosApp" */ = {
			isa = XCConfigurationList;
			buildConfigurations = (
				7555FFA3242A565B00829871 /* Debug */,
				7555FFA4242A565B00829871 /* Release */,
			);
			defaultConfigurationIsVisible = 0;
			defaultConfigurationName = Release;
		};
		7555FFA5242A565B00829871 /* Build configuration list for PBXNativeTarget "iosApp" */ = {
			isa = XCConfigurationList;
			buildConfigurations = (
				7555FFA6242A565B00829871 /* Debug */,
				7555FFA7242A565B00829871 /* Release */,
			);
			defaultConfigurationIsVisible = 0;
			defaultConfigurationName = Release;
		};
/* End XCConfigurationList section */

/* Begin XCRemoteSwiftPackageReference section */
		6E35D4CC2B72C74500A2BF95 /* XCRemoteSwiftPackageReference "mapbox-maps-ios" */ = {
			isa = XCRemoteSwiftPackageReference;
			repositoryURL = "https://github.com/mapbox/mapbox-maps-ios.git";
			requirement = {
				kind = upToNextMajorVersion;
				minimumVersion = 11.0.0;
			};
		};
		6EE7457F2B965AEA0052227E /* XCRemoteSwiftPackageReference "SwiftPhoenixClient" */ = {
			isa = XCRemoteSwiftPackageReference;
			repositoryURL = "https://github.com/davidstump/SwiftPhoenixClient";
			requirement = {
				kind = upToNextMajorVersion;
				minimumVersion = 5.3.2;
			};
		};
		6EED5EAC2B3E1BA80052A1B8 /* XCRemoteSwiftPackageReference "ViewInspector" */ = {
			isa = XCRemoteSwiftPackageReference;
			repositoryURL = "https://github.com/nalexn/ViewInspector";
			requirement = {
				kind = upToNextMajorVersion;
				minimumVersion = 0.9.9;
			};
		};
		8C42F06A2B87BCF700F9A77B /* XCRemoteSwiftPackageReference "SwiftLint" */ = {
			isa = XCRemoteSwiftPackageReference;
			repositoryURL = "https://github.com/realm/SwiftLint.git";
			requirement = {
				kind = upToNextMajorVersion;
				minimumVersion = 0.54.0;
			};
		};
		9A8B34AE2B892C810018412C /* XCRemoteSwiftPackageReference "Polyline" */ = {
			isa = XCRemoteSwiftPackageReference;
			repositoryURL = "https://github.com/raphaelmor/Polyline.git";
			requirement = {
				kind = upToNextMajorVersion;
				minimumVersion = 5.0.2;
			};
		};
/* End XCRemoteSwiftPackageReference section */

/* Begin XCSwiftPackageProductDependency section */
		6E35D4CD2B72C74500A2BF95 /* MapboxMaps */ = {
			isa = XCSwiftPackageProductDependency;
			package = 6E35D4CC2B72C74500A2BF95 /* XCRemoteSwiftPackageReference "mapbox-maps-ios" */;
			productName = MapboxMaps;
		};
		6EE745802B965AEA0052227E /* SwiftPhoenixClient */ = {
			isa = XCSwiftPackageProductDependency;
			package = 6EE7457F2B965AEA0052227E /* XCRemoteSwiftPackageReference "SwiftPhoenixClient" */;
			productName = SwiftPhoenixClient;
		};
		6EED5EAD2B3E1BA80052A1B8 /* ViewInspector */ = {
			isa = XCSwiftPackageProductDependency;
			package = 6EED5EAC2B3E1BA80052A1B8 /* XCRemoteSwiftPackageReference "ViewInspector" */;
			productName = ViewInspector;
		};
		8C42F06D2B87BD1D00F9A77B /* SwiftLintPlugin */ = {
			isa = XCSwiftPackageProductDependency;
			package = 8C42F06A2B87BCF700F9A77B /* XCRemoteSwiftPackageReference "SwiftLint" */;
			productName = "plugin:SwiftLintPlugin";
		};
		9A8B34AF2B892C810018412C /* Polyline */ = {
			isa = XCSwiftPackageProductDependency;
			package = 9A8B34AE2B892C810018412C /* XCRemoteSwiftPackageReference "Polyline" */;
			productName = Polyline;
		};
/* End XCSwiftPackageProductDependency section */
	};
	rootObject = 7555FF73242A565900829871 /* Project object */;
}
