PODS:
  - Sentry (8.53.2):
    - Sentry/Core (= 8.53.2)
  - Sentry/Core (8.53.2)
  - shared (1.0):
    - Sentry (~> 8.53.2)

DEPENDENCIES:
  - shared (from `../shared/`)

SPEC REPOS:
  trunk:
    - Sentry

EXTERNAL SOURCES:
  shared:
    :path: "../shared/"

SPEC CHECKSUMS:
  Sentry: 59993bffde4a1ac297ba6d268dc4bbce068d7c1b
  shared: e1769c5a488a6da57b0f3a82ecedf311572b1680

PODFILE CHECKSUM: 8b77545532cdf4b25adfa1dd92b4b893e9371c67

COCOAPODS: 1.16.2
