PODS:
  - Sentry (8.46.0):
    - Sentry/Core (= 8.46.0)
  - Sentry/Core (8.46.0)
  - shared (1.0):
    - Sentry (~> 8.46.0)

DEPENDENCIES:
  - shared (from `../shared/`)

SPEC REPOS:
  trunk:
    - Sentry

EXTERNAL SOURCES:
  shared:
    :path: "../shared/"

SPEC CHECKSUMS:
  Sentry: da60d980b197a46db0b35ea12cb8f39af48d8854
  shared: 14f4a3356b6f68d1cb8be476a45ba66ae9c4a72e

PODFILE CHECKSUM: 8b77545532cdf4b25adfa1dd92b4b893e9371c67

COCOAPODS: 1.16.2
