PODS:
  - Sentry (8.44.0):
    - Sentry/Core (= 8.44.0)
  - Sentry/Core (8.44.0)
  - shared (1.0):
    - Sentry (~> 8.44.0)

DEPENDENCIES:
  - shared (from `../shared/`)

SPEC REPOS:
  trunk:
    - Sentry

EXTERNAL SOURCES:
  shared:
    :path: "../shared/"

SPEC CHECKSUMS:
  Sentry: 0f9bc9adfc0b960e7f3bb5ec67e9a3d8193f3bdb
  shared: a9db4f0e42ae63be47641a3e618fa1df4b8b27b7

PODFILE CHECKSUM: 32413a7fdb16d40c9f57cf8da0c74d4507ff5f90

COCOAPODS: 1.16.2
