PODS:
  - Flutter (1.0.0)
  - package_info_plus (0.4.5):
    - Flutter
  - Sentry/HybridSDK (8.15.2):
    - SentryPrivate (= 8.15.2)
  - sentry_flutter (0.0.1):
    - Flutter
    - FlutterMacOS
    - Sentry/HybridSDK (= 8.15.2)
  - SentryPrivate (8.15.2)

DEPENDENCIES:
  - Flutter (from `Flutter`)
  - package_info_plus (from `.symlinks/plugins/package_info_plus/ios`)
  - sentry_flutter (from `.symlinks/plugins/sentry_flutter/ios`)

SPEC REPOS:
  trunk:
    - Sentry
    - SentryPrivate

EXTERNAL SOURCES:
  Flutter:
    :path: Flutter
  package_info_plus:
    :path: ".symlinks/plugins/package_info_plus/ios"
  sentry_flutter:
    :path: ".symlinks/plugins/sentry_flutter/ios"

SPEC CHECKSUMS:
  Flutter: f04841e97a9d0b0a8025694d0796dd46242b2854
  package_info_plus: 115f4ad11e0698c8c1c5d8a689390df880f47e85
  Sentry: 6f5742b4c47c17c9adcf265f6f328cf4a0ed1923
  sentry_flutter: 2c309a1d4b45e59d02cfa15795705687f1e2081b
  SentryPrivate: b2f7996f37781080f04a946eb4e377ff63c64195

PODFILE CHECKSUM: 23faeda721a4589d86d5531a259b275dc6839858

COCOAPODS: 1.14.2
